<Solution>
  <Folder Name="/Solution Items/">
    <File Path=".github/workflows/build.yml" />
    <File Path="build/common.props" />
    <File Path="README.md" />
  </Folder>
  <Project Path="src/Exceptionless.DateTimeExtensions/Exceptionless.DateTimeExtensions.csproj" />
  <Project Path="tests/Exceptionless.DateTimeExtensions.Tests/Exceptionless.DateTimeExtensions.Tests.csproj" />
</Solution>
