
Microsoft Visual Studio Solution File, Format Version 12.00
# Visual Studio 15
VisualStudioVersion = 15.0.26730.3
MinimumVisualStudioVersion = 10.0.40219.1
Project("{2150E333-8FDC-42A3-9474-1A3956D46DE8}") = "Solution Items", "Solution Items", "{8F995DD3-2383-4DCF-AE0B-0583C47A7058}"
	ProjectSection(SolutionItems) = preProject
		appveyor.yml = appveyor.yml
		README.md = README.md
	EndProjectSection
EndProject
Project("{9A19103F-16F7-4668-BE54-9A1E7A4F7556}") = "Exceptionless.DateTimeExtensions", "src\Exceptionless.DateTimeExtensions\Exceptionless.DateTimeExtensions.csproj", "{2734AB9C-28B7-47E2-96BE-580B48105F41}"
EndProject
Project("{9A19103F-16F7-4668-BE54-9A1E7A4F7556}") = "Exceptionless.DateTimeExtensions.Tests", "tests\Exceptionless.DateTimeExtensions.Tests\Exceptionless.DateTimeExtensions.Tests.csproj", "{54BC6486-752C-4B9F-864A-FFCB7568A8E4}"
EndProject
Global
	GlobalSection(SolutionConfigurationPlatforms) = preSolution
		Debug|Any CPU = Debug|Any CPU
		Release|Any CPU = Release|Any CPU
	EndGlobalSection
	GlobalSection(ProjectConfigurationPlatforms) = postSolution
		{2734AB9C-28B7-47E2-96BE-580B48105F41}.Debug|Any CPU.ActiveCfg = Debug|Any CPU
		{2734AB9C-28B7-47E2-96BE-580B48105F41}.Debug|Any CPU.Build.0 = Debug|Any CPU
		{2734AB9C-28B7-47E2-96BE-580B48105F41}.Release|Any CPU.ActiveCfg = Release|Any CPU
		{2734AB9C-28B7-47E2-96BE-580B48105F41}.Release|Any CPU.Build.0 = Release|Any CPU
		{54BC6486-752C-4B9F-864A-FFCB7568A8E4}.Debug|Any CPU.ActiveCfg = Debug|Any CPU
		{54BC6486-752C-4B9F-864A-FFCB7568A8E4}.Debug|Any CPU.Build.0 = Debug|Any CPU
		{54BC6486-752C-4B9F-864A-FFCB7568A8E4}.Release|Any CPU.ActiveCfg = Release|Any CPU
		{54BC6486-752C-4B9F-864A-FFCB7568A8E4}.Release|Any CPU.Build.0 = Release|Any CPU
	EndGlobalSection
	GlobalSection(SolutionProperties) = preSolution
		HideSolutionNode = FALSE
	EndGlobalSection
	GlobalSection(ExtensibilityGlobals) = postSolution
		SolutionGuid = {949D3DE0-EC79-4EAF-A94D-E83DFF17B37A}
	EndGlobalSection
EndGlobal
